
Microsoft Visual Studio Solution File, Format Version 12.00
# Visual Studio 2013
VisualStudioVersion = 12.0.31101.0
MinimumVisualStudioVersion = 10.0.40219.1
Project("{2150E333-8FDC-42A3-9474-1A3956D46DE8}") = "Data", "Data", "{F83B2F6D-180B-4478-AF91-77BABB3FE776}"
EndProject
Project("{2150E333-8FDC-42A3-9474-1A3956D46DE8}") = "Web", "Web", "{BB2C0C6B-DC08-41EF-8C35-7A4D25118526}"
EndProject
Project("{2150E333-8FDC-42A3-9474-1A3956D46DE8}") = "Services", "Services", "{3CB17624-9FC1-4C0D-A8DD-EEB2FB989C15}"
EndProject
Project("{FAE04EC0-301F-11D3-BF4B-00C04F79EFBC}") = "iTrain.Common", "iTrain.Common\iTrain.Common.csproj", "{D30E86B1-0453-40AE-8891-C09E13FA2A93}"
EndProject
Project("{2150E333-8FDC-42A3-9474-1A3956D46DE8}") = "Tests", "Tests", "{E9F59F08-2465-42AE-8906-D2BFDA3E2C25}"
EndProject
Project("{FAE04EC0-301F-11D3-BF4B-00C04F79EFBC}") = "iTrain.Web", "Web\iTrain.Web\iTrain.Web.csproj", "{F2FB36D3-454F-4B30-9A8F-4830A6171B4E}"
EndProject
Project("{FAE04EC0-301F-11D3-BF4B-00C04F79EFBC}") = "iTrain.Data", "Data\iTrain.Data\iTrain.Data.csproj", "{5665BEF4-E1B0-4C8D-A689-23BF817B6F47}"
EndProject
Project("{FAE04EC0-301F-11D3-BF4B-00C04F79EFBC}") = "iTrain.Data.Models", "Data\iTrain.Data.Models\iTrain.Data.Models.csproj", "{BC154EA2-A598-41E0-9A35-2E5C41CB6F84}"
EndProject
Global
	GlobalSection(SolutionConfigurationPlatforms) = preSolution
		Debug|Any CPU = Debug|Any CPU
		Release|Any CPU = Release|Any CPU
	EndGlobalSection
	GlobalSection(ProjectConfigurationPlatforms) = postSolution
		{D30E86B1-0453-40AE-8891-C09E13FA2A93}.Debug|Any CPU.ActiveCfg = Debug|Any CPU
		{D30E86B1-0453-40AE-8891-C09E13FA2A93}.Debug|Any CPU.Build.0 = Debug|Any CPU
		{D30E86B1-0453-40AE-8891-C09E13FA2A93}.Release|Any CPU.ActiveCfg = Release|Any CPU
		{D30E86B1-0453-40AE-8891-C09E13FA2A93}.Release|Any CPU.Build.0 = Release|Any CPU
		{F2FB36D3-454F-4B30-9A8F-4830A6171B4E}.Debug|Any CPU.ActiveCfg = Debug|Any CPU
		{F2FB36D3-454F-4B30-9A8F-4830A6171B4E}.Debug|Any CPU.Build.0 = Debug|Any CPU
		{F2FB36D3-454F-4B30-9A8F-4830A6171B4E}.Release|Any CPU.ActiveCfg = Release|Any CPU
		{F2FB36D3-454F-4B30-9A8F-4830A6171B4E}.Release|Any CPU.Build.0 = Release|Any CPU
		{5665BEF4-E1B0-4C8D-A689-23BF817B6F47}.Debug|Any CPU.ActiveCfg = Debug|Any CPU
		{5665BEF4-E1B0-4C8D-A689-23BF817B6F47}.Debug|Any CPU.Build.0 = Debug|Any CPU
		{5665BEF4-E1B0-4C8D-A689-23BF817B6F47}.Release|Any CPU.ActiveCfg = Release|Any CPU
		{5665BEF4-E1B0-4C8D-A689-23BF817B6F47}.Release|Any CPU.Build.0 = Release|Any CPU
		{BC154EA2-A598-41E0-9A35-2E5C41CB6F84}.Debug|Any CPU.ActiveCfg = Debug|Any CPU
		{BC154EA2-A598-41E0-9A35-2E5C41CB6F84}.Debug|Any CPU.Build.0 = Debug|Any CPU
		{BC154EA2-A598-41E0-9A35-2E5C41CB6F84}.Release|Any CPU.ActiveCfg = Release|Any CPU
		{BC154EA2-A598-41E0-9A35-2E5C41CB6F84}.Release|Any CPU.Build.0 = Release|Any CPU
	EndGlobalSection
	GlobalSection(SolutionProperties) = preSolution
		HideSolutionNode = FALSE
	EndGlobalSection
	GlobalSection(NestedProjects) = preSolution
		{F2FB36D3-454F-4B30-9A8F-4830A6171B4E} = {BB2C0C6B-DC08-41EF-8C35-7A4D25118526}
		{5665BEF4-E1B0-4C8D-A689-23BF817B6F47} = {F83B2F6D-180B-4478-AF91-77BABB3FE776}
		{BC154EA2-A598-41E0-9A35-2E5C41CB6F84} = {F83B2F6D-180B-4478-AF91-77BABB3FE776}
	EndGlobalSection
EndGlobal
